
Microsoft Visual Studio Solution File, Format Version 12.00
# Visual Studio 15
VisualStudioVersion = 15.0.28307.1831
MinimumVisualStudioVersion = 10.0.40219.1
Project("{9A19103F-16F7-4668-BE54-9A1E7A4F7556}") = "IntegracionPedidos", "IntegracionPedidos\IntegracionPedidos.csproj", "{937F0E7D-1C7E-4723-998C-6E1D89CA7DD4}"
EndProject
Global
	GlobalSection(SolutionConfigurationPlatforms) = preSolution
		Debug|Any CPU = Debug|Any CPU
		Release|Any CPU = Release|Any CPU
	EndGlobalSection
	GlobalSection(ProjectConfigurationPlatforms) = postSolution
		{937F0E7D-1C7E-4723-998C-6E1D89CA7DD4}.Debug|Any CPU.ActiveCfg = Debug|Any CPU
		{937F0E7D-1C7E-4723-998C-6E1D89CA7DD4}.Debug|Any CPU.Build.0 = Debug|Any CPU
		{937F0E7D-1C7E-4723-998C-6E1D89CA7DD4}.Release|Any CPU.ActiveCfg = Release|Any CPU
		{937F0E7D-1C7E-4723-998C-6E1D89CA7DD4}.Release|Any CPU.Build.0 = Release|Any CPU
	EndGlobalSection
	GlobalSection(SolutionProperties) = preSolution
		HideSolutionNode = FALSE
	EndGlobalSection
	GlobalSection(ExtensibilityGlobals) = postSolution
		SolutionGuid = {54C7CB58-0DCE-4863-91BC-33BE404D0E08}
	EndGlobalSection
EndGlobal
