
Microsoft Visual Studio Solution File, Format Version 12.00
# Visual Studio 15
VisualStudioVersion = 15.0.28307.1831
MinimumVisualStudioVersion = 10.0.40219.1
Project("{FAE04EC0-301F-11D3-BF4B-00C04F79EFBC}") = "IntegracionPedidos", "IntegracionPedidos\IntegracionPedidos.csproj", "{2C3B958C-2A29-4487-AC04-A22FB360AF11}"
EndProject
Global
	GlobalSection(SolutionConfigurationPlatforms) = preSolution
		Debug|Any CPU = Debug|Any CPU
		Release|Any CPU = Release|Any CPU
	EndGlobalSection
	GlobalSection(ProjectConfigurationPlatforms) = postSolution
		{2C3B958C-2A29-4487-AC04-A22FB360AF11}.Debug|Any CPU.ActiveCfg = Debug|Any CPU
		{2C3B958C-2A29-4487-AC04-A22FB360AF11}.Debug|Any CPU.Build.0 = Debug|Any CPU
		{2C3B958C-2A29-4487-AC04-A22FB360AF11}.Release|Any CPU.ActiveCfg = Release|Any CPU
		{2C3B958C-2A29-4487-AC04-A22FB360AF11}.Release|Any CPU.Build.0 = Release|Any CPU
	EndGlobalSection
	GlobalSection(SolutionProperties) = preSolution
		HideSolutionNode = FALSE
	EndGlobalSection
	GlobalSection(ExtensibilityGlobals) = postSolution
		SolutionGuid = {BCE2F89D-22B8-4828-B9D5-57907263F739}
	EndGlobalSection
EndGlobal
